// !$*UTF8*$!
{
	archiveVersion = 1;
	classes = {
	};
	objectVersion = 50;
	objects = {

/* Begin PBXBuildFile section */
		37A71C0C26C57360000B42D9 /* AppDelegate.swift in Sources */ = {isa = PBXBuildFile; fileRef = 37A71C0B26C57360000B42D9 /* AppDelegate.swift */; };
		37A71C0E26C57360000B42D9 /* SceneDelegate.swift in Sources */ = {isa = PBXBuildFile; fileRef = 37A71C0D26C57360000B42D9 /* SceneDelegate.swift */; };
		37A71C1026C57360000B42D9 /* ConversationsViewController.swift in Sources */ = {isa = PBXBuildFile; fileRef = 37A71C0F26C57360000B42D9 /* ConversationsViewController.swift */; };
		37A71C1326C57360000B42D9 /* Main.storyboard in Resources */ = {isa = PBXBuildFile; fileRef = 37A71C1126C57360000B42D9 /* Main.storyboard */; };
		37A71C1526C57363000B42D9 /* Assets.xcassets in Resources */ = {isa = PBXBuildFile; fileRef = 37A71C1426C57363000B42D9 /* Assets.xcassets */; };
		37A71C1826C57363000B42D9 /* LaunchScreen.storyboard in Resources */ = {isa = PBXBuildFile; fileRef = 37A71C1626C57363000B42D9 /* LaunchScreen.storyboard */; };
		37A71C2D26C5758C000B42D9 /* LoginViewController.swift in Sources */ = {isa = PBXBuildFile; fileRef = 37A71C2C26C5758C000B42D9 /* LoginViewController.swift */; };
		37A71C3026C5759A000B42D9 /* RegisterViewController.swift in Sources */ = {isa = PBXBuildFile; fileRef = 37A71C2F26C5759A000B42D9 /* RegisterViewController.swift */; };
		37A71C3326C575B9000B42D9 /* PhotoViewerViewController.swift in Sources */ = {isa = PBXBuildFile; fileRef = 37A71C3226C575B9000B42D9 /* PhotoViewerViewController.swift */; };
		37A71C3626C575C6000B42D9 /* VideoPlayerViewController.swift in Sources */ = {isa = PBXBuildFile; fileRef = 37A71C3526C575C6000B42D9 /* VideoPlayerViewController.swift */; };
		37A71C3926C575E2000B42D9 /* NewConversationViewController.swift in Sources */ = {isa = PBXBuildFile; fileRef = 37A71C3826C575E2000B42D9 /* NewConversationViewController.swift */; };
		37A71C3C26C575F8000B42D9 /* ProfileViewController.swift in Sources */ = {isa = PBXBuildFile; fileRef = 37A71C3B26C575F8000B42D9 /* ProfileViewController.swift */; };
/* End PBXBuildFile section */

/* Begin PBXFileReference section */
		37A71C0826C57360000B42D9 /* Messenger.app */ = {isa = PBXFileReference; explicitFileType = wrapper.application; includeInIndex = 0; path = Messenger.app; sourceTree = BUILT_PRODUCTS_DIR; };
		37A71C0B26C57360000B42D9 /* AppDelegate.swift */ = {isa = PBXFileReference; lastKnownFileType = sourcecode.swift; path = AppDelegate.swift; sourceTree = "<group>"; };
		37A71C0D26C57360000B42D9 /* SceneDelegate.swift */ = {isa = PBXFileReference; lastKnownFileType = sourcecode.swift; path = SceneDelegate.swift; sourceTree = "<group>"; };
		37A71C0F26C57360000B42D9 /* ConversationsViewController.swift */ = {isa = PBXFileReference; lastKnownFileType = sourcecode.swift; path = ConversationsViewController.swift; sourceTree = "<group>"; };
		37A71C1226C57360000B42D9 /* Base */ = {isa = PBXFileReference; lastKnownFileType = file.storyboard; name = Base; path = Base.lproj/Main.storyboard; sourceTree = "<group>"; };
		37A71C1426C57363000B42D9 /* Assets.xcassets */ = {isa = PBXFileReference; lastKnownFileType = folder.assetcatalog; path = Assets.xcassets; sourceTree = "<group>"; };
		37A71C1726C57363000B42D9 /* Base */ = {isa = PBXFileReference; lastKnownFileType = file.storyboard; name = Base; path = Base.lproj/LaunchScreen.storyboard; sourceTree = "<group>"; };
		37A71C1926C57363000B42D9 /* Info.plist */ = {isa = PBXFileReference; lastKnownFileType = text.plist.xml; path = Info.plist; sourceTree = "<group>"; };
		37A71C2C26C5758C000B42D9 /* LoginViewController.swift */ = {isa = PBXFileReference; lastKnownFileType = sourcecode.swift; path = LoginViewController.swift; sourceTree = "<group>"; };
		37A71C2F26C5759A000B42D9 /* RegisterViewController.swift */ = {isa = PBXFileReference; lastKnownFileType = sourcecode.swift; path = RegisterViewController.swift; sourceTree = "<group>"; };
		37A71C3226C575B9000B42D9 /* PhotoViewerViewController.swift */ = {isa = PBXFileReference; lastKnownFileType = sourcecode.swift; path = PhotoViewerViewController.swift; sourceTree = "<group>"; };
		37A71C3526C575C6000B42D9 /* VideoPlayerViewController.swift */ = {isa = PBXFileReference; lastKnownFileType = sourcecode.swift; path = VideoPlayerViewController.swift; sourceTree = "<group>"; };
		37A71C3826C575E2000B42D9 /* NewConversationViewController.swift */ = {isa = PBXFileReference; lastKnownFileType = sourcecode.swift; path = NewConversationViewController.swift; sourceTree = "<group>"; };
		37A71C3B26C575F8000B42D9 /* ProfileViewController.swift */ = {isa = PBXFileReference; lastKnownFileType = sourcecode.swift; path = ProfileViewController.swift; sourceTree = "<group>"; };
/* End PBXFileReference section */

/* Begin PBXFrameworksBuildPhase section */
		37A71C0526C57360000B42D9 /* Frameworks */ = {
			isa = PBXFrameworksBuildPhase;
			buildActionMask = 2147483647;
			files = (
			);
			runOnlyForDeploymentPostprocessing = 0;
		};
/* End PBXFrameworksBuildPhase section */

/* Begin PBXGroup section */
		37A71BFF26C57360000B42D9 = {
			isa = PBXGroup;
			children = (
				37A71C0A26C57360000B42D9 /* Messenger */,
				37A71C0926C57360000B42D9 /* Products */,
			);
			sourceTree = "<group>";
		};
		37A71C0926C57360000B42D9 /* Products */ = {
			isa = PBXGroup;
			children = (
				37A71C0826C57360000B42D9 /* Messenger.app */,
			);
			name = Products;
			sourceTree = "<group>";
		};
		37A71C0A26C57360000B42D9 /* Messenger */ = {
			isa = PBXGroup;
			children = (
				37A71C2626C57496000B42D9 /* Resources */,
				37A71C2426C57487000B42D9 /* ViewModels */,
				37A71C2326C57481000B42D9 /* Models */,
				37A71C2226C5747B000B42D9 /* Views */,
				37A71C2026C5746A000B42D9 /* Controllers */,
				37A71C1926C57363000B42D9 /* Info.plist */,
			);
			path = Messenger;
			sourceTree = "<group>";
		};
		37A71C2026C5746A000B42D9 /* Controllers */ = {
			isa = PBXGroup;
			children = (
				37A71C0F26C57360000B42D9 /* ConversationsViewController.swift */,
				37A71C2C26C5758C000B42D9 /* LoginViewController.swift */,
				37A71C3826C575E2000B42D9 /* NewConversationViewController.swift */,
				37A71C3526C575C6000B42D9 /* VideoPlayerViewController.swift */,
				37A71C3226C575B9000B42D9 /* PhotoViewerViewController.swift */,
				37A71C2F26C5759A000B42D9 /* RegisterViewController.swift */,
				37A71C3B26C575F8000B42D9 /* ProfileViewController.swift */,
			);
			path = Controllers;
			sourceTree = "<group>";
		};
		37A71C2226C5747B000B42D9 /* Views */ = {
			isa = PBXGroup;
			children = (
				37A71C2A26C574C4000B42D9 /* Storyboards */,
			);
			path = Views;
			sourceTree = "<group>";
		};
		37A71C2326C57481000B42D9 /* Models */ = {
			isa = PBXGroup;
			children = (
			);
			path = Models;
			sourceTree = "<group>";
		};
		37A71C2426C57487000B42D9 /* ViewModels */ = {
			isa = PBXGroup;
			children = (
			);
			path = ViewModels;
			sourceTree = "<group>";
		};
		37A71C2626C57496000B42D9 /* Resources */ = {
			isa = PBXGroup;
			children = (
				37A71C0B26C57360000B42D9 /* AppDelegate.swift */,
				37A71C0D26C57360000B42D9 /* SceneDelegate.swift */,
			);
			path = Resources;
			sourceTree = "<group>";
		};
		37A71C2A26C574C4000B42D9 /* Storyboards */ = {
			isa = PBXGroup;
			children = (
				37A71C1126C57360000B42D9 /* Main.storyboard */,
				37A71C1426C57363000B42D9 /* Assets.xcassets */,
				37A71C1626C57363000B42D9 /* LaunchScreen.storyboard */,
			);
			path = Storyboards;
			sourceTree = "<group>";
		};
/* End PBXGroup section */

/* Begin PBXNativeTarget section */
		37A71C0726C57360000B42D9 /* Messenger */ = {
			isa = PBXNativeTarget;
			buildConfigurationList = 37A71C1C26C57363000B42D9 /* Build configuration list for PBXNativeTarget "Messenger" */;
			buildPhases = (
				37A71C0426C57360000B42D9 /* Sources */,
				37A71C0526C57360000B42D9 /* Frameworks */,
				37A71C0626C57360000B42D9 /* Resources */,
			);
			buildRules = (
			);
			dependencies = (
			);
			name = Messenger;
			productName = Messenger;
			productReference = 37A71C0826C57360000B42D9 /* Messenger.app */;
			productType = "com.apple.product-type.application";
		};
/* End PBXNativeTarget section */

/* Begin PBXProject section */
		37A71C0026C57360000B42D9 /* Project object */ = {
			isa = PBXProject;
			attributes = {
				LastSwiftUpdateCheck = 1240;
				LastUpgradeCheck = 1240;
				TargetAttributes = {
					37A71C0726C57360000B42D9 = {
						CreatedOnToolsVersion = 12.4;
					};
				};
			};
			buildConfigurationList = 37A71C0326C57360000B42D9 /* Build configuration list for PBXProject "Messenger" */;
			compatibilityVersion = "Xcode 9.3";
			developmentRegion = en;
			hasScannedForEncodings = 0;
			knownRegions = (
				en,
				Base,
			);
			mainGroup = 37A71BFF26C57360000B42D9;
			productRefGroup = 37A71C0926C57360000B42D9 /* Products */;
			projectDirPath = "";
			projectRoot = "";
			targets = (
				37A71C0726C57360000B42D9 /* Messenger */,
			);
		};
/* End PBXProject section */

/* Begin PBXResourcesBuildPhase section */
		37A71C0626C57360000B42D9 /* Resources */ = {
			isa = PBXResourcesBuildPhase;
			buildActionMask = 2147483647;
			files = (
				37A71C1826C57363000B42D9 /* LaunchScreen.storyboard in Resources */,
				37A71C1526C57363000B42D9 /* Assets.xcassets in Resources */,
				37A71C1326C57360000B42D9 /* Main.storyboard in Resources */,
			);
			runOnlyForDeploymentPostprocessing = 0;
		};
/* End PBXResourcesBuildPhase section */

/* Begin PBXSourcesBuildPhase section */
		37A71C0426C57360000B42D9 /* Sources */ = {
			isa = PBXSourcesBuildPhase;
			buildActionMask = 2147483647;
			files = (
				37A71C2D26C5758C000B42D9 /* LoginViewController.swift in Sources */,
				37A71C3026C5759A000B42D9 /* RegisterViewController.swift in Sources */,
				37A71C3926C575E2000B42D9 /* NewConversationViewController.swift in Sources */,
				37A71C1026C57360000B42D9 /* ConversationsViewController.swift in Sources */,
				37A71C3626C575C6000B42D9 /* VideoPlayerViewController.swift in Sources */,
				37A71C0C26C57360000B42D9 /* AppDelegate.swift in Sources */,
				37A71C3C26C575F8000B42D9 /* ProfileViewController.swift in Sources */,
				37A71C0E26C57360000B42D9 /* SceneDelegate.swift in Sources */,
				37A71C3326C575B9000B42D9 /* PhotoViewerViewController.swift in Sources */,
			);
			runOnlyForDeploymentPostprocessing = 0;
		};
/* End PBXSourcesBuildPhase section */

/* Begin PBXVariantGroup section */
		37A71C1126C57360000B42D9 /* Main.storyboard */ = {
			isa = PBXVariantGroup;
			children = (
				37A71C1226C57360000B42D9 /* Base */,
			);
			name = Main.storyboard;
			sourceTree = "<group>";
		};
		37A71C1626C57363000B42D9 /* LaunchScreen.storyboard */ = {
			isa = PBXVariantGroup;
			children = (
				37A71C1726C57363000B42D9 /* Base */,
			);
			name = LaunchScreen.storyboard;
			sourceTree = "<group>";
		};
/* End PBXVariantGroup section */

/* Begin XCBuildConfiguration section */
		37A71C1A26C57363000B42D9 /* Debug */ = {
			isa = XCBuildConfiguration;
			buildSettings = {
				ALWAYS_SEARCH_USER_PATHS = NO;
				CLANG_ANALYZER_NONNULL = YES;
				CLANG_ANALYZER_NUMBER_OBJECT_CONVERSION = YES_AGGRESSIVE;
				CLANG_CXX_LANGUAGE_STANDARD = "gnu++14";
				CLANG_CXX_LIBRARY = "libc++";
				CLANG_ENABLE_MODULES = YES;
				CLANG_ENABLE_OBJC_ARC = YES;
				CLANG_ENABLE_OBJC_WEAK = YES;
				CLANG_WARN_BLOCK_CAPTURE_AUTORELEASING = YES;
				CLANG_WARN_BOOL_CONVERSION = YES;
				CLANG_WARN_COMMA = YES;
				CLANG_WARN_CONSTANT_CONVERSION = YES;
				CLANG_WARN_DEPRECATED_OBJC_IMPLEMENTATIONS = YES;
				CLANG_WARN_DIRECT_OBJC_ISA_USAGE = YES_ERROR;
				CLANG_WARN_DOCUMENTATION_COMMENTS = YES;
				CLANG_WARN_EMPTY_BODY = YES;
				CLANG_WARN_ENUM_CONVERSION = YES;
				CLANG_WARN_INFINITE_RECURSION = YES;
				CLANG_WARN_INT_CONVERSION = YES;
				CLANG_WARN_NON_LITERAL_NULL_CONVERSION = YES;
				CLANG_WARN_OBJC_IMPLICIT_RETAIN_SELF = YES;
				CLANG_WARN_OBJC_LITERAL_CONVERSION = YES;
				CLANG_WARN_OBJC_ROOT_CLASS = YES_ERROR;
				CLANG_WARN_QUOTED_INCLUDE_IN_FRAMEWORK_HEADER = YES;
				CLANG_WARN_RANGE_LOOP_ANALYSIS = YES;
				CLANG_WARN_STRICT_PROTOTYPES = YES;
				CLANG_WARN_SUSPICIOUS_MOVE = YES;
				CLANG_WARN_UNGUARDED_AVAILABILITY = YES_AGGRESSIVE;
				CLANG_WARN_UNREACHABLE_CODE = YES;
				CLANG_WARN__DUPLICATE_METHOD_MATCH = YES;
				COPY_PHASE_STRIP = NO;
				DEBUG_INFORMATION_FORMAT = dwarf;
				ENABLE_STRICT_OBJC_MSGSEND = YES;
				ENABLE_TESTABILITY = YES;
				GCC_C_LANGUAGE_STANDARD = gnu11;
				GCC_DYNAMIC_NO_PIC = NO;
				GCC_NO_COMMON_BLOCKS = YES;
				GCC_OPTIMIZATION_LEVEL = 0;
				GCC_PREPROCESSOR_DEFINITIONS = (
					"DEBUG=1",
					"$(inherited)",
				);
				GCC_WARN_64_TO_32_BIT_CONVERSION = YES;
				GCC_WARN_ABOUT_RETURN_TYPE = YES_ERROR;
				GCC_WARN_UNDECLARED_SELECTOR = YES;
				GCC_WARN_UNINITIALIZED_AUTOS = YES_AGGRESSIVE;
				GCC_WARN_UNUSED_FUNCTION = YES;
				GCC_WARN_UNUSED_VARIABLE = YES;
				IPHONEOS_DEPLOYMENT_TARGET = 14.4;
				MTL_ENABLE_DEBUG_INFO = INCLUDE_SOURCE;
				MTL_FAST_MATH = YES;
				ONLY_ACTIVE_ARCH = YES;
				SDKROOT = iphoneos;
				SWIFT_ACTIVE_COMPILATION_CONDITIONS = DEBUG;
				SWIFT_OPTIMIZATION_LEVEL = "-Onone";
			};
			name = Debug;
		};
		37A71C1B26C57363000B42D9 /* Release */ = {
			isa = XCBuildConfiguration;
			buildSettings = {
				ALWAYS_SEARCH_USER_PATHS = NO;
				CLANG_ANALYZER_NONNULL = YES;
				CLANG_ANALYZER_NUMBER_OBJECT_CONVERSION = YES_AGGRESSIVE;
				CLANG_CXX_LANGUAGE_STANDARD = "gnu++14";
				CLANG_CXX_LIBRARY = "libc++";
				CLANG_ENABLE_MODULES = YES;
				CLANG_ENABLE_OBJC_ARC = YES;
				CLANG_ENABLE_OBJC_WEAK = YES;
				CLANG_WARN_BLOCK_CAPTURE_AUTORELEASING = YES;
				CLANG_WARN_BOOL_CONVERSION = YES;
				CLANG_WARN_COMMA = YES;
				CLANG_WARN_CONSTANT_CONVERSION = YES;
				CLANG_WARN_DEPRECATED_OBJC_IMPLEMENTATIONS = YES;
				CLANG_WARN_DIRECT_OBJC_ISA_USAGE = YES_ERROR;
				CLANG_WARN_DOCUMENTATION_COMMENTS = YES;
				CLANG_WARN_EMPTY_BODY = YES;
				CLANG_WARN_ENUM_CONVERSION = YES;
				CLANG_WARN_INFINITE_RECURSION = YES;
				CLANG_WARN_INT_CONVERSION = YES;
				CLANG_WARN_NON_LITERAL_NULL_CONVERSION = YES;
				CLANG_WARN_OBJC_IMPLICIT_RETAIN_SELF = YES;
				CLANG_WARN_OBJC_LITERAL_CONVERSION = YES;
				CLANG_WARN_OBJC_ROOT_CLASS = YES_ERROR;
				CLANG_WARN_QUOTED_INCLUDE_IN_FRAMEWORK_HEADER = YES;
				CLANG_WARN_RANGE_LOOP_ANALYSIS = YES;
				CLANG_WARN_STRICT_PROTOTYPES = YES;
				CLANG_WARN_SUSPICIOUS_MOVE = YES;
				CLANG_WARN_UNGUARDED_AVAILABILITY = YES_AGGRESSIVE;
				CLANG_WARN_UNREACHABLE_CODE = YES;
				CLANG_WARN__DUPLICATE_METHOD_MATCH = YES;
				COPY_PHASE_STRIP = NO;
				DEBUG_INFORMATION_FORMAT = "dwarf-with-dsym";
				ENABLE_NS_ASSERTIONS = NO;
				ENABLE_STRICT_OBJC_MSGSEND = YES;
				GCC_C_LANGUAGE_STANDARD = gnu11;
				GCC_NO_COMMON_BLOCKS = YES;
				GCC_WARN_64_TO_32_BIT_CONVERSION = YES;
				GCC_WARN_ABOUT_RETURN_TYPE = YES_ERROR;
				GCC_WARN_UNDECLARED_SELECTOR = YES;
				GCC_WARN_UNINITIALIZED_AUTOS = YES_AGGRESSIVE;
				GCC_WARN_UNUSED_FUNCTION = YES;
				GCC_WARN_UNUSED_VARIABLE = YES;
				IPHONEOS_DEPLOYMENT_TARGET = 14.4;
				MTL_ENABLE_DEBUG_INFO = NO;
				MTL_FAST_MATH = YES;
				SDKROOT = iphoneos;
				SWIFT_COMPILATION_MODE = wholemodule;
				SWIFT_OPTIMIZATION_LEVEL = "-O";
				VALIDATE_PRODUCT = YES;
			};
			name = Release;
		};
		37A71C1D26C57363000B42D9 /* Debug */ = {
			isa = XCBuildConfiguration;
			buildSettings = {
				ASSETCATALOG_COMPILER_APPICON_NAME = AppIcon;
				ASSETCATALOG_COMPILER_GLOBAL_ACCENT_COLOR_NAME = AccentColor;
				CODE_SIGN_STYLE = Automatic;
				DEVELOPMENT_TEAM = 38BPR85JLN;
				INFOPLIST_FILE = Messenger/Info.plist;
				IPHONEOS_DEPLOYMENT_TARGET = 13.0;
				LD_RUNPATH_SEARCH_PATHS = (
					"$(inherited)",
					"@executable_path/Frameworks",
				);
				PRODUCT_BUNDLE_IDENTIFIER = com.annagogley.Messenger;
				PRODUCT_NAME = "$(TARGET_NAME)";
				SWIFT_VERSION = 5.0;
				TARGETED_DEVICE_FAMILY = "1,2";
			};
			name = Debug;
		};
		37A71C1E26C57363000B42D9 /* Release */ = {
			isa = XCBuildConfiguration;
			buildSettings = {
				ASSETCATALOG_COMPILER_APPICON_NAME = AppIcon;
				ASSETCATALOG_COMPILER_GLOBAL_ACCENT_COLOR_NAME = AccentColor;
				CODE_SIGN_STYLE = Automatic;
				DEVELOPMENT_TEAM = 38BPR85JLN;
				INFOPLIST_FILE = Messenger/Info.plist;
				IPHONEOS_DEPLOYMENT_TARGET = 13.0;
				LD_RUNPATH_SEARCH_PATHS = (
					"$(inherited)",
					"@executable_path/Frameworks",
				);
				PRODUCT_BUNDLE_IDENTIFIER = com.annagogley.Messenger;
				PRODUCT_NAME = "$(TARGET_NAME)";
				SWIFT_VERSION = 5.0;
				TARGETED_DEVICE_FAMILY = "1,2";
			};
			name = Release;
		};
/* End XCBuildConfiguration section */

/* Begin XCConfigurationList section */
		37A71C0326C57360000B42D9 /* Build configuration list for PBXProject "Messenger" */ = {
			isa = XCConfigurationList;
			buildConfigurations = (
				37A71C1A26C57363000B42D9 /* Debug */,
				37A71C1B26C57363000B42D9 /* Release */,
			);
			defaultConfigurationIsVisible = 0;
			defaultConfigurationName = Release;
		};
		37A71C1C26C57363000B42D9 /* Build configuration list for PBXNativeTarget "Messenger" */ = {
			isa = XCConfigurationList;
			buildConfigurations = (
				37A71C1D26C57363000B42D9 /* Debug */,
				37A71C1E26C57363000B42D9 /* Release */,
			);
			defaultConfigurationIsVisible = 0;
			defaultConfigurationName = Release;
		};
/* End XCConfigurationList section */
	};
	rootObject = 37A71C0026C57360000B42D9 /* Project object */;
}
